
Microsoft Visual Studio Solution File, Format Version 12.00
# Visual Studio Version 16
VisualStudioVersion = 16.0.31105.61
MinimumVisualStudioVersion = 10.0.40219.1
Project("{FAE04EC0-301F-11D3-BF4B-00C04F79EFBC}") = "Referee", "Referee\Referee.csproj", "{40C38E3F-8007-404F-8970-E2CF43CDB6DC}"
EndProject
Project("{FAE04EC0-301F-11D3-BF4B-00C04F79EFBC}") = "Referee.Terminal", "Referee.Terminal\Referee.Terminal.csproj", "{421DE4DE-42DA-4C69-A2CD-D001B26CAB8A}"
EndProject
Global
	GlobalSection(SolutionConfigurationPlatforms) = preSolution
		Debug|Any CPU = Debug|Any CPU
		Release|Any CPU = Release|Any CPU
	EndGlobalSection
	GlobalSection(ProjectConfigurationPlatforms) = postSolution
		{40C38E3F-8007-404F-8970-E2CF43CDB6DC}.Debug|Any CPU.ActiveCfg = Debug|Any CPU
		{40C38E3F-8007-404F-8970-E2CF43CDB6DC}.Debug|Any CPU.Build.0 = Debug|Any CPU
		{40C38E3F-8007-404F-8970-E2CF43CDB6DC}.Release|Any CPU.ActiveCfg = Release|Any CPU
		{40C38E3F-8007-404F-8970-E2CF43CDB6DC}.Release|Any CPU.Build.0 = Release|Any CPU
		{421DE4DE-42DA-4C69-A2CD-D001B26CAB8A}.Debug|Any CPU.ActiveCfg = Debug|Any CPU
		{421DE4DE-42DA-4C69-A2CD-D001B26CAB8A}.Debug|Any CPU.Build.0 = Debug|Any CPU
		{421DE4DE-42DA-4C69-A2CD-D001B26CAB8A}.Release|Any CPU.ActiveCfg = Release|Any CPU
		{421DE4DE-42DA-4C69-A2CD-D001B26CAB8A}.Release|Any CPU.Build.0 = Release|Any CPU
	EndGlobalSection
	GlobalSection(SolutionProperties) = preSolution
		HideSolutionNode = FALSE
	EndGlobalSection
	GlobalSection(ExtensibilityGlobals) = postSolution
		SolutionGuid = {F80079C5-0AC3-4BC4-A328-20055E810CE7}
	EndGlobalSection
EndGlobal
